// !$*UTF8*$!
{
	archiveVersion = 1;
	classes = {
	};
	objectVersion = 50;
	objects = {

/* Begin PBXBuildFile section */
		EB292D3C249FF8ED0005A0F2 /* AppDelegate.swift in Sources */ = {isa = PBXBuildFile; fileRef = EB292D3B249FF8ED0005A0F2 /* AppDelegate.swift */; };
		EB292D3E249FF8ED0005A0F2 /* SceneDelegate.swift in Sources */ = {isa = PBXBuildFile; fileRef = EB292D3D249FF8ED0005A0F2 /* SceneDelegate.swift */; };
		EB292D40249FF8ED0005A0F2 /* ContentView.swift in Sources */ = {isa = PBXBuildFile; fileRef = EB292D3F249FF8ED0005A0F2 /* ContentView.swift */; };
		EB292D42249FF9080005A0F2 /* Assets.xcassets in Resources */ = {isa = PBXBuildFile; fileRef = EB292D41249FF9080005A0F2 /* Assets.xcassets */; };
		EB292D45249FF9080005A0F2 /* Preview Assets.xcassets in Resources */ = {isa = PBXBuildFile; fileRef = EB292D44249FF9080005A0F2 /* Preview Assets.xcassets */; };
		EB292D48249FF9080005A0F2 /* LaunchScreen.storyboard in Resources */ = {isa = PBXBuildFile; fileRef = EB292D46249FF9080005A0F2 /* LaunchScreen.storyboard */; };
		EB6EA61F2787EA2000E66AF5 /* View+Extension.swift in Sources */ = {isa = PBXBuildFile; fileRef = EB6EA61E2787EA1E00E66AF5 /* View+Extension.swift */; };
/* End PBXBuildFile section */

/* Begin PBXFileReference section */
		EB292D38249FF8ED0005A0F2 /* FBookUI.app */ = {isa = PBXFileReference; explicitFileType = wrapper.application; includeInIndex = 0; path = FBookUI.app; sourceTree = BUILT_PRODUCTS_DIR; };
		EB292D3B249FF8ED0005A0F2 /* AppDelegate.swift */ = {isa = PBXFileReference; lastKnownFileType = sourcecode.swift; path = AppDelegate.swift; sourceTree = "<group>"; };
		EB292D3D249FF8ED0005A0F2 /* SceneDelegate.swift */ = {isa = PBXFileReference; lastKnownFileType = sourcecode.swift; path = SceneDelegate.swift; sourceTree = "<group>"; };
		EB292D3F249FF8ED0005A0F2 /* ContentView.swift */ = {isa = PBXFileReference; lastKnownFileType = sourcecode.swift; path = ContentView.swift; sourceTree = "<group>"; };
		EB292D41249FF9080005A0F2 /* Assets.xcassets */ = {isa = PBXFileReference; lastKnownFileType = folder.assetcatalog; path = Assets.xcassets; sourceTree = "<group>"; };
		EB292D44249FF9080005A0F2 /* Preview Assets.xcassets */ = {isa = PBXFileReference; lastKnownFileType = folder.assetcatalog; path = "Preview Assets.xcassets"; sourceTree = "<group>"; };
		EB292D47249FF9080005A0F2 /* Base */ = {isa = PBXFileReference; lastKnownFileType = file.storyboard; name = Base; path = Base.lproj/LaunchScreen.storyboard; sourceTree = "<group>"; };
		EB292D49249FF9080005A0F2 /* Info.plist */ = {isa = PBXFileReference; lastKnownFileType = text.plist.xml; path = Info.plist; sourceTree = "<group>"; };
		EB6EA61E2787EA1E00E66AF5 /* View+Extension.swift */ = {isa = PBXFileReference; lastKnownFileType = sourcecode.swift; path = "View+Extension.swift"; sourceTree = "<group>"; };
/* End PBXFileReference section */

/* Begin PBXFrameworksBuildPhase section */
		EB292D35249FF8ED0005A0F2 /* Frameworks */ = {
			isa = PBXFrameworksBuildPhase;
			buildActionMask = 2147483647;
			files = (
			);
			runOnlyForDeploymentPostprocessing = 0;
		};
/* End PBXFrameworksBuildPhase section */

/* Begin PBXGroup section */
		EB292D2F249FF8ED0005A0F2 = {
			isa = PBXGroup;
			children = (
				EB292D3A249FF8ED0005A0F2 /* FBookUI */,
				EB292D39249FF8ED0005A0F2 /* Products */,
			);
			sourceTree = "<group>";
		};
		EB292D39249FF8ED0005A0F2 /* Products */ = {
			isa = PBXGroup;
			children = (
				EB292D38249FF8ED0005A0F2 /* FBookUI.app */,
			);
			name = Products;
			sourceTree = "<group>";
		};
		EB292D3A249FF8ED0005A0F2 /* FBookUI */ = {
			isa = PBXGroup;
			children = (
				EB292D3B249FF8ED0005A0F2 /* AppDelegate.swift */,
				EB292D3D249FF8ED0005A0F2 /* SceneDelegate.swift */,
				EB292D3F249FF8ED0005A0F2 /* ContentView.swift */,
				EB292D41249FF9080005A0F2 /* Assets.xcassets */,
				EB292D46249FF9080005A0F2 /* LaunchScreen.storyboard */,
				EB292D49249FF9080005A0F2 /* Info.plist */,
				EB292D43249FF9080005A0F2 /* Preview Content */,
				EB6EA61E2787EA1E00E66AF5 /* View+Extension.swift */,
			);
			path = FBookUI;
			sourceTree = "<group>";
		};
		EB292D43249FF9080005A0F2 /* Preview Content */ = {
			isa = PBXGroup;
			children = (
				EB292D44249FF9080005A0F2 /* Preview Assets.xcassets */,
			);
			path = "Preview Content";
			sourceTree = "<group>";
		};
/* End PBXGroup section */

/* Begin PBXNativeTarget section */
		EB292D37249FF8ED0005A0F2 /* FBookUI */ = {
			isa = PBXNativeTarget;
			buildConfigurationList = EB292D4C249FF9080005A0F2 /* Build configuration list for PBXNativeTarget "FBookUI" */;
			buildPhases = (
				EB292D34249FF8ED0005A0F2 /* Sources */,
				EB292D35249FF8ED0005A0F2 /* Frameworks */,
				EB292D36249FF8ED0005A0F2 /* Resources */,
			);
			buildRules = (
			);
			dependencies = (
			);
			name = FBookUI;
			productName = FBookUI;
			productReference = EB292D38249FF8ED0005A0F2 /* FBookUI.app */;
			productType = "com.apple.product-type.application";
		};
/* End PBXNativeTarget section */

/* Begin PBXProject section */
		EB292D30249FF8ED0005A0F2 /* Project object */ = {
			isa = PBXProject;
			attributes = {
				LastSwiftUpdateCheck = 1150;
				LastUpgradeCheck = 1320;
				ORGANIZATIONNAME = "Devata Creative Digital";
				TargetAttributes = {
					EB292D37249FF8ED0005A0F2 = {
						CreatedOnToolsVersion = 11.5;
					};
				};
			};
			buildConfigurationList = EB292D33249FF8ED0005A0F2 /* Build configuration list for PBXProject "FBookUI" */;
			compatibilityVersion = "Xcode 9.3";
			developmentRegion = en;
			hasScannedForEncodings = 0;
			knownRegions = (
				en,
				Base,
			);
			mainGroup = EB292D2F249FF8ED0005A0F2;
			productRefGroup = EB292D39249FF8ED0005A0F2 /* Products */;
			projectDirPath = "";
			projectRoot = "";
			targets = (
				EB292D37249FF8ED0005A0F2 /* FBookUI */,
			);
		};
/* End PBXProject section */

/* Begin PBXResourcesBuildPhase section */
		EB292D36249FF8ED0005A0F2 /* Resources */ = {
			isa = PBXResourcesBuildPhase;
			buildActionMask = 2147483647;
			files = (
				EB292D48249FF9080005A0F2 /* LaunchScreen.storyboard in Resources */,
				EB292D45249FF9080005A0F2 /* Preview Assets.xcassets in Resources */,
				EB292D42249FF9080005A0F2 /* Assets.xcassets in Resources */,
			);
			runOnlyForDeploymentPostprocessing = 0;
		};
/* End PBXResourcesBuildPhase section */

/* Begin PBXSourcesBuildPhase section */
		EB292D34249FF8ED0005A0F2 /* Sources */ = {
			isa = PBXSourcesBuildPhase;
			buildActionMask = 2147483647;
			files = (
				EB292D3C249FF8ED0005A0F2 /* AppDelegate.swift in Sources */,
				EB292D3E249FF8ED0005A0F2 /* SceneDelegate.swift in Sources */,
				EB6EA61F2787EA2000E66AF5 /* View+Extension.swift in Sources */,
				EB292D40249FF8ED0005A0F2 /* ContentView.swift in Sources */,
			);
			runOnlyForDeploymentPostprocessing = 0;
		};
/* End PBXSourcesBuildPhase section */

/* Begin PBXVariantGroup section */
		EB292D46249FF9080005A0F2 /* LaunchScreen.storyboard */ = {
			isa = PBXVariantGroup;
			children = (
				EB292D47249FF9080005A0F2 /* Base */,
			);
			name = LaunchScreen.storyboard;
			sourceTree = "<group>";
		};
/* End PBXVariantGroup section */

/* Begin XCBuildConfiguration section */
		EB292D4A249FF9080005A0F2 /* Debug */ = {
			isa = XCBuildConfiguration;
			buildSettings = {
				ALWAYS_SEARCH_USER_PATHS = NO;
				CLANG_ANALYZER_NONNULL = YES;
				CLANG_ANALYZER_NUMBER_OBJECT_CONVERSION = YES_AGGRESSIVE;
				CLANG_CXX_LANGUAGE_STANDARD = "gnu++14";
				CLANG_CXX_LIBRARY = "libc++";
				CLANG_ENABLE_MODULES = YES;
				CLANG_ENABLE_OBJC_ARC = YES;
				CLANG_ENABLE_OBJC_WEAK = YES;
				CLANG_WARN_BLOCK_CAPTURE_AUTORELEASING = YES;
				CLANG_WARN_BOOL_CONVERSION = YES;
				CLANG_WARN_COMMA = YES;
				CLANG_WARN_CONSTANT_CONVERSION = YES;
				CLANG_WARN_DEPRECATED_OBJC_IMPLEMENTATIONS = YES;
				CLANG_WARN_DIRECT_OBJC_ISA_USAGE = YES_ERROR;
				CLANG_WARN_DOCUMENTATION_COMMENTS = YES;
				CLANG_WARN_EMPTY_BODY = YES;
				CLANG_WARN_ENUM_CONVERSION = YES;
				CLANG_WARN_INFINITE_RECURSION = YES;
				CLANG_WARN_INT_CONVERSION = YES;
				CLANG_WARN_NON_LITERAL_NULL_CONVERSION = YES;
				CLANG_WARN_OBJC_IMPLICIT_RETAIN_SELF = YES;
				CLANG_WARN_OBJC_LITERAL_CONVERSION = YES;
				CLANG_WARN_OBJC_ROOT_CLASS = YES_ERROR;
				CLANG_WARN_QUOTED_INCLUDE_IN_FRAMEWORK_HEADER = YES;
				CLANG_WARN_RANGE_LOOP_ANALYSIS = YES;
				CLANG_WARN_STRICT_PROTOTYPES = YES;
				CLANG_WARN_SUSPICIOUS_MOVE = YES;
				CLANG_WARN_UNGUARDED_AVAILABILITY = YES_AGGRESSIVE;
				CLANG_WARN_UNREACHABLE_CODE = YES;
				CLANG_WARN__DUPLICATE_METHOD_MATCH = YES;
				COPY_PHASE_STRIP = NO;
				DEBUG_INFORMATION_FORMAT = dwarf;
				ENABLE_STRICT_OBJC_MSGSEND = YES;
				ENABLE_TESTABILITY = YES;
				GCC_C_LANGUAGE_STANDARD = gnu11;
				GCC_DYNAMIC_NO_PIC = NO;
				GCC_NO_COMMON_BLOCKS = YES;
				GCC_OPTIMIZATION_LEVEL = 0;
				GCC_PREPROCESSOR_DEFINITIONS = (
					"DEBUG=1",
					"$(inherited)",
				);
				GCC_WARN_64_TO_32_BIT_CONVERSION = YES;
				GCC_WARN_ABOUT_RETURN_TYPE = YES_ERROR;
				GCC_WARN_UNDECLARED_SELECTOR = YES;
				GCC_WARN_UNINITIALIZED_AUTOS = YES_AGGRESSIVE;
				GCC_WARN_UNUSED_FUNCTION = YES;
				GCC_WARN_UNUSED_VARIABLE = YES;
				IPHONEOS_DEPLOYMENT_TARGET = 13.5;
				MTL_ENABLE_DEBUG_INFO = INCLUDE_SOURCE;
				MTL_FAST_MATH = YES;
				ONLY_ACTIVE_ARCH = YES;
				SDKROOT = iphoneos;
				SWIFT_ACTIVE_COMPILATION_CONDITIONS = DEBUG;
				SWIFT_OPTIMIZATION_LEVEL = "-Onone";
			};
			name = Debug;
		};
		EB292D4B249FF9080005A0F2 /* Release */ = {
			isa = XCBuildConfiguration;
			buildSettings = {
				ALWAYS_SEARCH_USER_PATHS = NO;
				CLANG_ANALYZER_NONNULL = YES;
				CLANG_ANALYZER_NUMBER_OBJECT_CONVERSION = YES_AGGRESSIVE;
				CLANG_CXX_LANGUAGE_STANDARD = "gnu++14";
				CLANG_CXX_LIBRARY = "libc++";
				CLANG_ENABLE_MODULES = YES;
				CLANG_ENABLE_OBJC_ARC = YES;
				CLANG_ENABLE_OBJC_WEAK = YES;
				CLANG_WARN_BLOCK_CAPTURE_AUTORELEASING = YES;
				CLANG_WARN_BOOL_CONVERSION = YES;
				CLANG_WARN_COMMA = YES;
				CLANG_WARN_CONSTANT_CONVERSION = YES;
				CLANG_WARN_DEPRECATED_OBJC_IMPLEMENTATIONS = YES;
				CLANG_WARN_DIRECT_OBJC_ISA_USAGE = YES_ERROR;
				CLANG_WARN_DOCUMENTATION_COMMENTS = YES;
				CLANG_WARN_EMPTY_BODY = YES;
				CLANG_WARN_ENUM_CONVERSION = YES;
				CLANG_WARN_INFINITE_RECURSION = YES;
				CLANG_WARN_INT_CONVERSION = YES;
				CLANG_WARN_NON_LITERAL_NULL_CONVERSION = YES;
				CLANG_WARN_OBJC_IMPLICIT_RETAIN_SELF = YES;
				CLANG_WARN_OBJC_LITERAL_CONVERSION = YES;
				CLANG_WARN_OBJC_ROOT_CLASS = YES_ERROR;
				CLANG_WARN_QUOTED_INCLUDE_IN_FRAMEWORK_HEADER = YES;
				CLANG_WARN_RANGE_LOOP_ANALYSIS = YES;
				CLANG_WARN_STRICT_PROTOTYPES = YES;
				CLANG_WARN_SUSPICIOUS_MOVE = YES;
				CLANG_WARN_UNGUARDED_AVAILABILITY = YES_AGGRESSIVE;
				CLANG_WARN_UNREACHABLE_CODE = YES;
				CLANG_WARN__DUPLICATE_METHOD_MATCH = YES;
				COPY_PHASE_STRIP = NO;
				DEBUG_INFORMATION_FORMAT = "dwarf-with-dsym";
				ENABLE_NS_ASSERTIONS = NO;
				ENABLE_STRICT_OBJC_MSGSEND = YES;
				GCC_C_LANGUAGE_STANDARD = gnu11;
				GCC_NO_COMMON_BLOCKS = YES;
				GCC_WARN_64_TO_32_BIT_CONVERSION = YES;
				GCC_WARN_ABOUT_RETURN_TYPE = YES_ERROR;
				GCC_WARN_UNDECLARED_SELECTOR = YES;
				GCC_WARN_UNINITIALIZED_AUTOS = YES_AGGRESSIVE;
				GCC_WARN_UNUSED_FUNCTION = YES;
				GCC_WARN_UNUSED_VARIABLE = YES;
				IPHONEOS_DEPLOYMENT_TARGET = 13.5;
				MTL_ENABLE_DEBUG_INFO = NO;
				MTL_FAST_MATH = YES;
				SDKROOT = iphoneos;
				SWIFT_COMPILATION_MODE = wholemodule;
				SWIFT_OPTIMIZATION_LEVEL = "-O";
				VALIDATE_PRODUCT = YES;
			};
			name = Release;
		};
		EB292D4D249FF9080005A0F2 /* Debug */ = {
			isa = XCBuildConfiguration;
			buildSettings = {
				ASSETCATALOG_COMPILER_APPICON_NAME = AppIcon;
				CODE_SIGN_STYLE = Automatic;
				DEVELOPMENT_ASSET_PATHS = "\"FBookUI/Preview Content\"";
				DEVELOPMENT_TEAM = R2D4D7YLB2;
				ENABLE_PREVIEWS = YES;
				INFOPLIST_FILE = FBookUI/Info.plist;
				LD_RUNPATH_SEARCH_PATHS = (
					"$(inherited)",
					"@executable_path/Frameworks",
				);
				PRODUCT_BUNDLE_IDENTIFIER = com.devatacreative.FBookUI;
				PRODUCT_NAME = "$(TARGET_NAME)";
				SWIFT_VERSION = 5.0;
				TARGETED_DEVICE_FAMILY = "1,2";
			};
			name = Debug;
		};
		EB292D4E249FF9080005A0F2 /* Release */ = {
			isa = XCBuildConfiguration;
			buildSettings = {
				ASSETCATALOG_COMPILER_APPICON_NAME = AppIcon;
				CODE_SIGN_STYLE = Automatic;
				DEVELOPMENT_ASSET_PATHS = "\"FBookUI/Preview Content\"";
				DEVELOPMENT_TEAM = R2D4D7YLB2;
				ENABLE_PREVIEWS = YES;
				INFOPLIST_FILE = FBookUI/Info.plist;
				LD_RUNPATH_SEARCH_PATHS = (
					"$(inherited)",
					"@executable_path/Frameworks",
				);
				PRODUCT_BUNDLE_IDENTIFIER = com.devatacreative.FBookUI;
				PRODUCT_NAME = "$(TARGET_NAME)";
				SWIFT_VERSION = 5.0;
				TARGETED_DEVICE_FAMILY = "1,2";
			};
			name = Release;
		};
/* End XCBuildConfiguration section */

/* Begin XCConfigurationList section */
		EB292D33249FF8ED0005A0F2 /* Build configuration list for PBXProject "FBookUI" */ = {
			isa = XCConfigurationList;
			buildConfigurations = (
				EB292D4A249FF9080005A0F2 /* Debug */,
				EB292D4B249FF9080005A0F2 /* Release */,
			);
			defaultConfigurationIsVisible = 0;
			defaultConfigurationName = Release;
		};
		EB292D4C249FF9080005A0F2 /* Build configuration list for PBXNativeTarget "FBookUI" */ = {
			isa = XCConfigurationList;
			buildConfigurations = (
				EB292D4D249FF9080005A0F2 /* Debug */,
				EB292D4E249FF9080005A0F2 /* Release */,
			);
			defaultConfigurationIsVisible = 0;
			defaultConfigurationName = Release;
		};
/* End XCConfigurationList section */
	};
	rootObject = EB292D30249FF8ED0005A0F2 /* Project object */;
}
